
Microsoft Visual Studio Solution File, Format Version 12.00
# Visual Studio Version 17
VisualStudioVersion = 17.4.33213.308
MinimumVisualStudioVersion = 10.0.40219.1
Project("{FAE04EC0-301F-11D3-BF4B-00C04F79EFBC}") = "P2Hito3_Lucas_Sanz", "P2Hito3_Lucas_Sanz\P2Hito3_Lucas_Sanz.csproj", "{5F9C1ED3-816A-41A0-9E6A-A72B0D6B7144}"
EndProject
Global
	GlobalSection(SolutionConfigurationPlatforms) = preSolution
		Debug|Any CPU = Debug|Any CPU
		Release|Any CPU = Release|Any CPU
	EndGlobalSection
	GlobalSection(ProjectConfigurationPlatforms) = postSolution
		{5F9C1ED3-816A-41A0-9E6A-A72B0D6B7144}.Debug|Any CPU.ActiveCfg = Debug|Any CPU
		{5F9C1ED3-816A-41A0-9E6A-A72B0D6B7144}.Debug|Any CPU.Build.0 = Debug|Any CPU
		{5F9C1ED3-816A-41A0-9E6A-A72B0D6B7144}.Release|Any CPU.ActiveCfg = Release|Any CPU
		{5F9C1ED3-816A-41A0-9E6A-A72B0D6B7144}.Release|Any CPU.Build.0 = Release|Any CPU
	EndGlobalSection
	GlobalSection(SolutionProperties) = preSolution
		HideSolutionNode = FALSE
	EndGlobalSection
	GlobalSection(ExtensibilityGlobals) = postSolution
		SolutionGuid = {DD540A83-C66A-4B85-B27B-E09756E00DA7}
	EndGlobalSection
EndGlobal
