
Microsoft Visual Studio Solution File, Format Version 12.00
# Visual Studio Version 17
VisualStudioVersion = 17.3.32825.248
MinimumVisualStudioVersion = 10.0.40219.1
Project("{FAE04EC0-301F-11D3-BF4B-00C04F79EFBC}") = "Examen_1_Lucas_Sanz", "Examen_1_Lucas_Sanz\Examen_1_Lucas_Sanz.csproj", "{1919B68E-AF0D-450B-99B8-0A5C38708F76}"
EndProject
Global
	GlobalSection(SolutionConfigurationPlatforms) = preSolution
		Debug|Any CPU = Debug|Any CPU
		Release|Any CPU = Release|Any CPU
	EndGlobalSection
	GlobalSection(ProjectConfigurationPlatforms) = postSolution
		{1919B68E-AF0D-450B-99B8-0A5C38708F76}.Debug|Any CPU.ActiveCfg = Debug|Any CPU
		{1919B68E-AF0D-450B-99B8-0A5C38708F76}.Debug|Any CPU.Build.0 = Debug|Any CPU
		{1919B68E-AF0D-450B-99B8-0A5C38708F76}.Release|Any CPU.ActiveCfg = Release|Any CPU
		{1919B68E-AF0D-450B-99B8-0A5C38708F76}.Release|Any CPU.Build.0 = Release|Any CPU
	EndGlobalSection
	GlobalSection(SolutionProperties) = preSolution
		HideSolutionNode = FALSE
	EndGlobalSection
	GlobalSection(ExtensibilityGlobals) = postSolution
		SolutionGuid = {3FD7FBC0-9BF9-4923-A03A-8FF29D6B7073}
	EndGlobalSection
EndGlobal
