
Microsoft Visual Studio Solution File, Format Version 12.00
# Visual Studio Version 17
VisualStudioVersion = 17.6.33712.159
MinimumVisualStudioVersion = 10.0.40219.1
Project("{FAE04EC0-301F-11D3-BF4B-00C04F79EFBC}") = "GuardaMuebles_Lucas_Sanz", "GuardaMuebles_Lucas_Sanz\GuardaMuebles_Lucas_Sanz.csproj", "{E4D5F986-BA7F-456F-BC6E-F8FD9D7457BA}"
EndProject
Global
	GlobalSection(SolutionConfigurationPlatforms) = preSolution
		Debug|Any CPU = Debug|Any CPU
		Release|Any CPU = Release|Any CPU
	EndGlobalSection
	GlobalSection(ProjectConfigurationPlatforms) = postSolution
		{E4D5F986-BA7F-456F-BC6E-F8FD9D7457BA}.Debug|Any CPU.ActiveCfg = Debug|Any CPU
		{E4D5F986-BA7F-456F-BC6E-F8FD9D7457BA}.Debug|Any CPU.Build.0 = Debug|Any CPU
		{E4D5F986-BA7F-456F-BC6E-F8FD9D7457BA}.Release|Any CPU.ActiveCfg = Release|Any CPU
		{E4D5F986-BA7F-456F-BC6E-F8FD9D7457BA}.Release|Any CPU.Build.0 = Release|Any CPU
	EndGlobalSection
	GlobalSection(SolutionProperties) = preSolution
		HideSolutionNode = FALSE
	EndGlobalSection
	GlobalSection(ExtensibilityGlobals) = postSolution
		SolutionGuid = {18577BA7-8C84-4BC8-B09A-7977939109FE}
	EndGlobalSection
EndGlobal
