
Microsoft Visual Studio Solution File, Format Version 12.00
# Visual Studio Version 17
VisualStudioVersion = 17.5.33414.496
MinimumVisualStudioVersion = 10.0.40219.1
Project("{FAE04EC0-301F-11D3-BF4B-00C04F79EFBC}") = "Ejercicio4_Recuperacion_Lucas_Sanz", "Ejercicio4_Recuperacion_Lucas_Sanz\Ejercicio4_Recuperacion_Lucas_Sanz.csproj", "{971384AE-6740-4B82-BAFE-C2B9C6484717}"
EndProject
Global
	GlobalSection(SolutionConfigurationPlatforms) = preSolution
		Debug|Any CPU = Debug|Any CPU
		Release|Any CPU = Release|Any CPU
	EndGlobalSection
	GlobalSection(ProjectConfigurationPlatforms) = postSolution
		{971384AE-6740-4B82-BAFE-C2B9C6484717}.Debug|Any CPU.ActiveCfg = Debug|Any CPU
		{971384AE-6740-4B82-BAFE-C2B9C6484717}.Debug|Any CPU.Build.0 = Debug|Any CPU
		{971384AE-6740-4B82-BAFE-C2B9C6484717}.Release|Any CPU.ActiveCfg = Release|Any CPU
		{971384AE-6740-4B82-BAFE-C2B9C6484717}.Release|Any CPU.Build.0 = Release|Any CPU
	EndGlobalSection
	GlobalSection(SolutionProperties) = preSolution
		HideSolutionNode = FALSE
	EndGlobalSection
	GlobalSection(ExtensibilityGlobals) = postSolution
		SolutionGuid = {94750113-39D1-454E-A75D-3FE5771E78CB}
	EndGlobalSection
EndGlobal
