
Microsoft Visual Studio Solution File, Format Version 12.00
# Visual Studio Version 17
VisualStudioVersion = 17.3.32825.248
MinimumVisualStudioVersion = 10.0.40219.1
Project("{FAE04EC0-301F-11D3-BF4B-00C04F79EFBC}") = "Torneo_Lucas_S", "Torneo_Lucas_S\Torneo_Lucas_S.csproj", "{5FD1AF1C-9346-4FF0-AAEC-640D453FF870}"
EndProject
Global
	GlobalSection(SolutionConfigurationPlatforms) = preSolution
		Debug|Any CPU = Debug|Any CPU
		Release|Any CPU = Release|Any CPU
	EndGlobalSection
	GlobalSection(ProjectConfigurationPlatforms) = postSolution
		{5FD1AF1C-9346-4FF0-AAEC-640D453FF870}.Debug|Any CPU.ActiveCfg = Debug|Any CPU
		{5FD1AF1C-9346-4FF0-AAEC-640D453FF870}.Debug|Any CPU.Build.0 = Debug|Any CPU
		{5FD1AF1C-9346-4FF0-AAEC-640D453FF870}.Release|Any CPU.ActiveCfg = Release|Any CPU
		{5FD1AF1C-9346-4FF0-AAEC-640D453FF870}.Release|Any CPU.Build.0 = Release|Any CPU
	EndGlobalSection
	GlobalSection(SolutionProperties) = preSolution
		HideSolutionNode = FALSE
	EndGlobalSection
	GlobalSection(ExtensibilityGlobals) = postSolution
		SolutionGuid = {ADFBF868-84B1-4391-9C8E-1B6D887DA1C3}
	EndGlobalSection
EndGlobal
