
Microsoft Visual Studio Solution File, Format Version 12.00
# Visual Studio Version 17
VisualStudioVersion = 17.3.32825.248
MinimumVisualStudioVersion = 10.0.40219.1
Project("{FAE04EC0-301F-11D3-BF4B-00C04F79EFBC}") = "Recuperacion_DI_Lucas_Sanz", "Recuperacion_DI_Lucas_Sanz\Recuperacion_DI_Lucas_Sanz.csproj", "{C1ED03FC-850D-4F68-BE52-ADF08F40B4C9}"
EndProject
Global
	GlobalSection(SolutionConfigurationPlatforms) = preSolution
		Debug|Any CPU = Debug|Any CPU
		Release|Any CPU = Release|Any CPU
	EndGlobalSection
	GlobalSection(ProjectConfigurationPlatforms) = postSolution
		{C1ED03FC-850D-4F68-BE52-ADF08F40B4C9}.Debug|Any CPU.ActiveCfg = Debug|Any CPU
		{C1ED03FC-850D-4F68-BE52-ADF08F40B4C9}.Debug|Any CPU.Build.0 = Debug|Any CPU
		{C1ED03FC-850D-4F68-BE52-ADF08F40B4C9}.Release|Any CPU.ActiveCfg = Release|Any CPU
		{C1ED03FC-850D-4F68-BE52-ADF08F40B4C9}.Release|Any CPU.Build.0 = Release|Any CPU
	EndGlobalSection
	GlobalSection(SolutionProperties) = preSolution
		HideSolutionNode = FALSE
	EndGlobalSection
	GlobalSection(ExtensibilityGlobals) = postSolution
		SolutionGuid = {1DABD598-D740-488A-93D4-05C2BF4AA931}
	EndGlobalSection
EndGlobal
