
Microsoft Visual Studio Solution File, Format Version 12.00
# Visual Studio Version 17
VisualStudioVersion = 17.4.33213.308
MinimumVisualStudioVersion = 10.0.40219.1
Project("{FAE04EC0-301F-11D3-BF4B-00C04F79EFBC}") = "P2Hito4_Lucas_Sanz", "P2Hito4_Lucas_Sanz\P2Hito4_Lucas_Sanz.csproj", "{1EC5A480-2AC6-4397-AFED-5F9CD18F034E}"
EndProject
Global
	GlobalSection(SolutionConfigurationPlatforms) = preSolution
		Debug|Any CPU = Debug|Any CPU
		Release|Any CPU = Release|Any CPU
	EndGlobalSection
	GlobalSection(ProjectConfigurationPlatforms) = postSolution
		{1EC5A480-2AC6-4397-AFED-5F9CD18F034E}.Debug|Any CPU.ActiveCfg = Debug|Any CPU
		{1EC5A480-2AC6-4397-AFED-5F9CD18F034E}.Debug|Any CPU.Build.0 = Debug|Any CPU
		{1EC5A480-2AC6-4397-AFED-5F9CD18F034E}.Release|Any CPU.ActiveCfg = Release|Any CPU
		{1EC5A480-2AC6-4397-AFED-5F9CD18F034E}.Release|Any CPU.Build.0 = Release|Any CPU
	EndGlobalSection
	GlobalSection(SolutionProperties) = preSolution
		HideSolutionNode = FALSE
	EndGlobalSection
	GlobalSection(ExtensibilityGlobals) = postSolution
		SolutionGuid = {B8949986-06C9-4305-ACC4-5C0E6D927598}
	EndGlobalSection
EndGlobal
