
Microsoft Visual Studio Solution File, Format Version 12.00
# Visual Studio Version 17
VisualStudioVersion = 17.4.33213.308
MinimumVisualStudioVersion = 10.0.40219.1
Project("{FAE04EC0-301F-11D3-BF4B-00C04F79EFBC}") = "LOL_Lucas_Sanz", "LOL_Lucas_Sanz\LOL_Lucas_Sanz.csproj", "{0AF9260C-62F1-40AB-8101-D3C7605BDEB1}"
EndProject
Global
	GlobalSection(SolutionConfigurationPlatforms) = preSolution
		Debug|Any CPU = Debug|Any CPU
		Release|Any CPU = Release|Any CPU
	EndGlobalSection
	GlobalSection(ProjectConfigurationPlatforms) = postSolution
		{0AF9260C-62F1-40AB-8101-D3C7605BDEB1}.Debug|Any CPU.ActiveCfg = Debug|Any CPU
		{0AF9260C-62F1-40AB-8101-D3C7605BDEB1}.Debug|Any CPU.Build.0 = Debug|Any CPU
		{0AF9260C-62F1-40AB-8101-D3C7605BDEB1}.Release|Any CPU.ActiveCfg = Release|Any CPU
		{0AF9260C-62F1-40AB-8101-D3C7605BDEB1}.Release|Any CPU.Build.0 = Release|Any CPU
	EndGlobalSection
	GlobalSection(SolutionProperties) = preSolution
		HideSolutionNode = FALSE
	EndGlobalSection
	GlobalSection(ExtensibilityGlobals) = postSolution
		SolutionGuid = {EBF8200A-8D47-4B77-8DED-47CBB4074410}
	EndGlobalSection
EndGlobal
