
Microsoft Visual Studio Solution File, Format Version 12.00
# Visual Studio Version 17
VisualStudioVersion = 17.5.33414.496
MinimumVisualStudioVersion = 10.0.40219.1
Project("{FAE04EC0-301F-11D3-BF4B-00C04F79EFBC}") = "Ejercicio2_Recuperacion_Lucas_Sanz", "Ejercicio2_Recuperacion_Lucas_Sanz\Ejercicio2_Recuperacion_Lucas_Sanz.csproj", "{059C57BA-B54F-4B94-8BAD-194E5F1886BB}"
EndProject
Global
	GlobalSection(SolutionConfigurationPlatforms) = preSolution
		Debug|Any CPU = Debug|Any CPU
		Release|Any CPU = Release|Any CPU
	EndGlobalSection
	GlobalSection(ProjectConfigurationPlatforms) = postSolution
		{059C57BA-B54F-4B94-8BAD-194E5F1886BB}.Debug|Any CPU.ActiveCfg = Debug|Any CPU
		{059C57BA-B54F-4B94-8BAD-194E5F1886BB}.Debug|Any CPU.Build.0 = Debug|Any CPU
		{059C57BA-B54F-4B94-8BAD-194E5F1886BB}.Release|Any CPU.ActiveCfg = Release|Any CPU
		{059C57BA-B54F-4B94-8BAD-194E5F1886BB}.Release|Any CPU.Build.0 = Release|Any CPU
	EndGlobalSection
	GlobalSection(SolutionProperties) = preSolution
		HideSolutionNode = FALSE
	EndGlobalSection
	GlobalSection(ExtensibilityGlobals) = postSolution
		SolutionGuid = {F1B8F8BA-D2A0-46B8-BBCC-44371094A51D}
	EndGlobalSection
EndGlobal
