
Microsoft Visual Studio Solution File, Format Version 12.00
# Visual Studio Version 17
VisualStudioVersion = 17.5.33414.496
MinimumVisualStudioVersion = 10.0.40219.1
Project("{FAE04EC0-301F-11D3-BF4B-00C04F79EFBC}") = "Ejercicio1_Recuperacion_Lucas_Sanz", "Ejercicio1_Recuperacion_Lucas_Sanz\Ejercicio1_Recuperacion_Lucas_Sanz.csproj", "{DD426696-DCB5-4519-8CAA-4366AB1EFA64}"
EndProject
Global
	GlobalSection(SolutionConfigurationPlatforms) = preSolution
		Debug|Any CPU = Debug|Any CPU
		Release|Any CPU = Release|Any CPU
	EndGlobalSection
	GlobalSection(ProjectConfigurationPlatforms) = postSolution
		{DD426696-DCB5-4519-8CAA-4366AB1EFA64}.Debug|Any CPU.ActiveCfg = Debug|Any CPU
		{DD426696-DCB5-4519-8CAA-4366AB1EFA64}.Debug|Any CPU.Build.0 = Debug|Any CPU
		{DD426696-DCB5-4519-8CAA-4366AB1EFA64}.Release|Any CPU.ActiveCfg = Release|Any CPU
		{DD426696-DCB5-4519-8CAA-4366AB1EFA64}.Release|Any CPU.Build.0 = Release|Any CPU
	EndGlobalSection
	GlobalSection(SolutionProperties) = preSolution
		HideSolutionNode = FALSE
	EndGlobalSection
	GlobalSection(ExtensibilityGlobals) = postSolution
		SolutionGuid = {CECB3ABC-7186-417D-BC77-DA6F84C99DAF}
	EndGlobalSection
EndGlobal
